# THIS IS AN AUTOGENERATED FILE. DO NOT EDIT THIS FILE DIRECTLY.
# yarn lockfile v1


"@types/node@^8.0.3":
  version "8.0.3"
  resolved "http://registry.npm.taobao.org/@types/node/download/@types/node-8.0.3.tgz#fca61c26f83e5f453166114f57d53a47feb36d45"

base64-js@^1.0.2:
  version "1.2.1"
  resolved "https://registry.yarnpkg.com/base64-js/-/base64-js-1.2.1.tgz#a91947da1f4a516ea38e5b4ec0ec3773675e0886"

buffer@^5.0.6:
  version "5.0.6"
  resolved "https://registry.yarnpkg.com/buffer/-/buffer-5.0.6.tgz#2ea669f7eec0b6eda05b08f8b5ff661b28573588"
  dependencies:
    base64-js "^1.0.2"
    ieee754 "^1.1.4"

ieee754@^1.1.4:
  version "1.1.8"
  resolved "https://registry.yarnpkg.com/ieee754/-/ieee754-1.1.8.tgz#be33d40ac10ef1926701f6f08a2d86fbfd1ad3e4"

typescript@^2.3.4:
  version "2.4.0"
  resolved "https://registry.yarnpkg.com/typescript/-/typescript-2.4.0.tgz#aef5a8d404beba36ad339abf079ddddfffba86dd"
